
Microsoft Visual Studio Solution File, Format Version 12.00
# Visual Studio Version 16
VisualStudioVersion = 16.0.31205.134
MinimumVisualStudioVersion = 10.0.40219.1
Project("{FAE04EC0-301F-11D3-BF4B-00C04F79EFBC}") = "BUKEP.DIRECTORY", "BUKEP.DIRECTORY.csproj", "{60B7ABC4-4CC5-40FC-BD23-84D9F6FD32E8}"
EndProject
Global
	GlobalSection(SolutionConfigurationPlatforms) = preSolution
		Debug|Any CPU = Debug|Any CPU
		Release|Any CPU = Release|Any CPU
	EndGlobalSection
	GlobalSection(ProjectConfigurationPlatforms) = postSolution
		{60B7ABC4-4CC5-40FC-BD23-84D9F6FD32E8}.Debug|Any CPU.ActiveCfg = Debug|Any CPU
		{60B7ABC4-4CC5-40FC-BD23-84D9F6FD32E8}.Debug|Any CPU.Build.0 = Debug|Any CPU
		{60B7ABC4-4CC5-40FC-BD23-84D9F6FD32E8}.Release|Any CPU.ActiveCfg = Release|Any CPU
		{60B7ABC4-4CC5-40FC-BD23-84D9F6FD32E8}.Release|Any CPU.Build.0 = Release|Any CPU
	EndGlobalSection
	GlobalSection(SolutionProperties) = preSolution
		HideSolutionNode = FALSE
	EndGlobalSection
	GlobalSection(ExtensibilityGlobals) = postSolution
		SolutionGuid = {12495DC3-EE1E-4931-B090-3A14A4000686}
	EndGlobalSection
EndGlobal
